
Microsoft Visual Studio Solution File, Format Version 12.00
# Visual Studio Version 17
VisualStudioVersion = 17.8.34511.84
MinimumVisualStudioVersion = 10.0.40219.1
Project("{9A19103F-16F7-4668-BE54-9A1E7A4F7556}") = "TestProject1", "TestProject1\TestProject1.csproj", "{7EBF43D8-B24D-4DBE-A1EF-B721381D6A93}"
EndProject
Project("{9A19103F-16F7-4668-BE54-9A1E7A4F7556}") = "TestApp", "TestApp\TestApp.csproj", "{370135E4-B965-4F38-AEBD-A2E758CF477D}"
EndProject
Project("{FAE04EC0-301F-11D3-BF4B-00C04F79EFBC}") = "Chess", "Chess\Chess.csproj", "{070271FB-AC15-48BC-94D3-5004F51D60CE}"
EndProject
Global
	GlobalSection(SolutionConfigurationPlatforms) = preSolution
		Debug|Any CPU = Debug|Any CPU
		Release|Any CPU = Release|Any CPU
	EndGlobalSection
	GlobalSection(ProjectConfigurationPlatforms) = postSolution
		{7EBF43D8-B24D-4DBE-A1EF-B721381D6A93}.Debug|Any CPU.ActiveCfg = Debug|Any CPU
		{7EBF43D8-B24D-4DBE-A1EF-B721381D6A93}.Debug|Any CPU.Build.0 = Debug|Any CPU
		{7EBF43D8-B24D-4DBE-A1EF-B721381D6A93}.Release|Any CPU.ActiveCfg = Release|Any CPU
		{7EBF43D8-B24D-4DBE-A1EF-B721381D6A93}.Release|Any CPU.Build.0 = Release|Any CPU
		{370135E4-B965-4F38-AEBD-A2E758CF477D}.Debug|Any CPU.ActiveCfg = Debug|Any CPU
		{370135E4-B965-4F38-AEBD-A2E758CF477D}.Debug|Any CPU.Build.0 = Debug|Any CPU
		{370135E4-B965-4F38-AEBD-A2E758CF477D}.Release|Any CPU.ActiveCfg = Release|Any CPU
		{370135E4-B965-4F38-AEBD-A2E758CF477D}.Release|Any CPU.Build.0 = Release|Any CPU
		{070271FB-AC15-48BC-94D3-5004F51D60CE}.Debug|Any CPU.ActiveCfg = Debug|Any CPU
		{070271FB-AC15-48BC-94D3-5004F51D60CE}.Debug|Any CPU.Build.0 = Debug|Any CPU
		{070271FB-AC15-48BC-94D3-5004F51D60CE}.Release|Any CPU.ActiveCfg = Release|Any CPU
		{070271FB-AC15-48BC-94D3-5004F51D60CE}.Release|Any CPU.Build.0 = Release|Any CPU
	EndGlobalSection
	GlobalSection(SolutionProperties) = preSolution
		HideSolutionNode = FALSE
	EndGlobalSection
	GlobalSection(ExtensibilityGlobals) = postSolution
		SolutionGuid = {E140BEBE-F736-4D09-AC66-F2F55A05F913}
	EndGlobalSection
EndGlobal
